
Microsoft Visual Studio Solution File, Format Version 12.00
# Visual Studio Version 17
VisualStudioVersion = 17.0.31912.275
MinimumVisualStudioVersion = 10.0.40219.1
Project("{FAE04EC0-301F-11D3-BF4B-00C04F79EFBC}") = "1201csMachineLearning", "1201csMachineLearning.csproj", "{7C307055-D311-4ADD-9C54-074C61CD7A51}"
EndProject
Project("{9A19103F-16F7-4668-BE54-9A1E7A4F7556}") = "SentimentModel_ConsoleApp1", "..\SentimentModel_ConsoleApp1\SentimentModel_ConsoleApp1.csproj", "{8A913CB2-53E8-4C83-8688-292A1D14D691}"
EndProject
Global
	GlobalSection(SolutionConfigurationPlatforms) = preSolution
		Debug|Any CPU = Debug|Any CPU
		Release|Any CPU = Release|Any CPU
	EndGlobalSection
	GlobalSection(ProjectConfigurationPlatforms) = postSolution
		{7C307055-D311-4ADD-9C54-074C61CD7A51}.Debug|Any CPU.ActiveCfg = Debug|Any CPU
		{7C307055-D311-4ADD-9C54-074C61CD7A51}.Debug|Any CPU.Build.0 = Debug|Any CPU
		{7C307055-D311-4ADD-9C54-074C61CD7A51}.Release|Any CPU.ActiveCfg = Release|Any CPU
		{7C307055-D311-4ADD-9C54-074C61CD7A51}.Release|Any CPU.Build.0 = Release|Any CPU
		{8A913CB2-53E8-4C83-8688-292A1D14D691}.Debug|Any CPU.ActiveCfg = Debug|Any CPU
		{8A913CB2-53E8-4C83-8688-292A1D14D691}.Debug|Any CPU.Build.0 = Debug|Any CPU
		{8A913CB2-53E8-4C83-8688-292A1D14D691}.Release|Any CPU.ActiveCfg = Release|Any CPU
		{8A913CB2-53E8-4C83-8688-292A1D14D691}.Release|Any CPU.Build.0 = Release|Any CPU
	EndGlobalSection
	GlobalSection(SolutionProperties) = preSolution
		HideSolutionNode = FALSE
	EndGlobalSection
	GlobalSection(ExtensibilityGlobals) = postSolution
		SolutionGuid = {4B237110-6040-40C6-9D03-ABC1E413A084}
	EndGlobalSection
EndGlobal
